
Microsoft Visual Studio Solution File, Format Version 12.00
# Visual Studio Version 16
VisualStudioVersion = 16.0.34114.132
MinimumVisualStudioVersion = 10.0.40219.1
Project("{FAE04EC0-301F-11D3-BF4B-00C04F79EFBC}") = "GestionEmpleados2023", "GestionEmpleados2023\GestionEmpleados2023.csproj", "{5E910B7C-5CD8-4965-A488-5A746F6619E3}"
EndProject
Global
	GlobalSection(SolutionConfigurationPlatforms) = preSolution
		Debug|Any CPU = Debug|Any CPU
		Release|Any CPU = Release|Any CPU
	EndGlobalSection
	GlobalSection(ProjectConfigurationPlatforms) = postSolution
		{5E910B7C-5CD8-4965-A488-5A746F6619E3}.Debug|Any CPU.ActiveCfg = Debug|Any CPU
		{5E910B7C-5CD8-4965-A488-5A746F6619E3}.Debug|Any CPU.Build.0 = Debug|Any CPU
		{5E910B7C-5CD8-4965-A488-5A746F6619E3}.Release|Any CPU.ActiveCfg = Release|Any CPU
		{5E910B7C-5CD8-4965-A488-5A746F6619E3}.Release|Any CPU.Build.0 = Release|Any CPU
	EndGlobalSection
	GlobalSection(SolutionProperties) = preSolution
		HideSolutionNode = FALSE
	EndGlobalSection
	GlobalSection(ExtensibilityGlobals) = postSolution
		SolutionGuid = {3062E003-61FB-47EF-BDBB-6AD4F7488266}
	EndGlobalSection
EndGlobal
